
Microsoft Visual Studio Solution File, Format Version 12.00
# Visual Studio 15
VisualStudioVersion = 15.0.28307.1062
MinimumVisualStudioVersion = 10.0.40219.1
Project("{FAE04EC0-301F-11D3-BF4B-00C04F79EFBC}") = "TesteWeb_iCarros", "UnitTestProject1\TesteWeb_iCarros.csproj", "{0FC3F7E9-24DE-43EF-9C99-C96977B99778}"
EndProject
Global
	GlobalSection(SolutionConfigurationPlatforms) = preSolution
		Debug|Any CPU = Debug|Any CPU
		Release|Any CPU = Release|Any CPU
	EndGlobalSection
	GlobalSection(ProjectConfigurationPlatforms) = postSolution
		{0FC3F7E9-24DE-43EF-9C99-C96977B99778}.Debug|Any CPU.ActiveCfg = Debug|Any CPU
		{0FC3F7E9-24DE-43EF-9C99-C96977B99778}.Debug|Any CPU.Build.0 = Debug|Any CPU
		{0FC3F7E9-24DE-43EF-9C99-C96977B99778}.Release|Any CPU.ActiveCfg = Release|Any CPU
		{0FC3F7E9-24DE-43EF-9C99-C96977B99778}.Release|Any CPU.Build.0 = Release|Any CPU
	EndGlobalSection
	GlobalSection(SolutionProperties) = preSolution
		HideSolutionNode = FALSE
	EndGlobalSection
	GlobalSection(ExtensibilityGlobals) = postSolution
		SolutionGuid = {57067F04-66F5-4E4D-A955-A7E3D3C31EA7}
	EndGlobalSection
EndGlobal
